
Microsoft Visual Studio Solution File, Format Version 12.00
# Visual Studio Version 16
VisualStudioVersion = 16.0.29102.190
MinimumVisualStudioVersion = 10.0.40219.1
Project("{FAE04EC0-301F-11D3-BF4B-00C04F79EFBC}") = "CoC", "CoC\CoC.csproj", "{F7821369-10C5-4B02-99B2-E4D9109CD18A}"
EndProject
Global
	GlobalSection(SolutionConfigurationPlatforms) = preSolution
		Debug|Any CPU = Debug|Any CPU
		Release|Any CPU = Release|Any CPU
	EndGlobalSection
	GlobalSection(ProjectConfigurationPlatforms) = postSolution
		{F7821369-10C5-4B02-99B2-E4D9109CD18A}.Debug|Any CPU.ActiveCfg = Debug|Any CPU
		{F7821369-10C5-4B02-99B2-E4D9109CD18A}.Debug|Any CPU.Build.0 = Debug|Any CPU
		{F7821369-10C5-4B02-99B2-E4D9109CD18A}.Release|Any CPU.ActiveCfg = Release|Any CPU
		{F7821369-10C5-4B02-99B2-E4D9109CD18A}.Release|Any CPU.Build.0 = Release|Any CPU
	EndGlobalSection
	GlobalSection(SolutionProperties) = preSolution
		HideSolutionNode = FALSE
	EndGlobalSection
	GlobalSection(ExtensibilityGlobals) = postSolution
		SolutionGuid = {B0A5C8F6-658C-4AD3-B48F-6018F45156F0}
	EndGlobalSection
EndGlobal
